// !$*UTF8*$!
{
	archiveVersion = 1;
	classes = {
	};
	objectVersion = 46;
	objects = {

/* Begin PBXBuildFile section */
		043905BE1E3FA3CA00AB32F4 /* AppDelegate.swift in Sources */ = {isa = PBXBuildFile; fileRef = 043905BD1E3FA3CA00AB32F4 /* AppDelegate.swift */; };
		043905C01E3FA3CA00AB32F4 /* ViewController.swift in Sources */ = {isa = PBXBuildFile; fileRef = 043905BF1E3FA3CA00AB32F4 /* ViewController.swift */; };
		043905C31E3FA3CA00AB32F4 /* Main.storyboard in Resources */ = {isa = PBXBuildFile; fileRef = 043905C11E3FA3CA00AB32F4 /* Main.storyboard */; };
		043905C51E3FA3CA00AB32F4 /* Assets.xcassets in Resources */ = {isa = PBXBuildFile; fileRef = 043905C41E3FA3CA00AB32F4 /* Assets.xcassets */; };
		043905C81E3FA3CA00AB32F4 /* LaunchScreen.storyboard in Resources */ = {isa = PBXBuildFile; fileRef = 043905C61E3FA3CA00AB32F4 /* LaunchScreen.storyboard */; };
		8D3C18631E5DEAEA00DFCABB /* KeyboardViewController.swift in Sources */ = {isa = PBXBuildFile; fileRef = 8D3C18621E5DEAEA00DFCABB /* KeyboardViewController.swift */; };
		8D3C18671E5DEAEA00DFCABB /* MainBoardController.appex in Embed App Extensions */ = {isa = PBXBuildFile; fileRef = 8D3C18601E5DEAE900DFCABB /* MainBoardController.appex */; settings = {ATTRIBUTES = (RemoveHeadersOnCopy, ); }; };
		8D3C186E1E5E002B00DFCABB /* KeyboardView.xib in Resources */ = {isa = PBXBuildFile; fileRef = 8D3C186C1E5DED1600DFCABB /* KeyboardView.xib */; };
/* End PBXBuildFile section */

/* Begin PBXContainerItemProxy section */
		8D3C18651E5DEAEA00DFCABB /* PBXContainerItemProxy */ = {
			isa = PBXContainerItemProxy;
			containerPortal = 043905B21E3FA3C900AB32F4 /* Project object */;
			proxyType = 1;
			remoteGlobalIDString = 8D3C185F1E5DEAE900DFCABB;
			remoteInfo = MainBoardController;
		};
/* End PBXContainerItemProxy section */

/* Begin PBXCopyFilesBuildPhase section */
		8D3C186B1E5DEAEA00DFCABB /* Embed App Extensions */ = {
			isa = PBXCopyFilesBuildPhase;
			buildActionMask = 2147483647;
			dstPath = "";
			dstSubfolderSpec = 13;
			files = (
				8D3C18671E5DEAEA00DFCABB /* MainBoardController.appex in Embed App Extensions */,
			);
			name = "Embed App Extensions";
			runOnlyForDeploymentPostprocessing = 0;
		};
/* End PBXCopyFilesBuildPhase section */

/* Begin PBXFileReference section */
		043905BA1E3FA3CA00AB32F4 /* Board.app */ = {isa = PBXFileReference; explicitFileType = wrapper.application; includeInIndex = 0; path = Board.app; sourceTree = BUILT_PRODUCTS_DIR; };
		043905BD1E3FA3CA00AB32F4 /* AppDelegate.swift */ = {isa = PBXFileReference; lastKnownFileType = sourcecode.swift; path = AppDelegate.swift; sourceTree = "<group>"; };
		043905BF1E3FA3CA00AB32F4 /* ViewController.swift */ = {isa = PBXFileReference; lastKnownFileType = sourcecode.swift; path = ViewController.swift; sourceTree = "<group>"; };
		043905C21E3FA3CA00AB32F4 /* Base */ = {isa = PBXFileReference; lastKnownFileType = file.storyboard; name = Base; path = Base.lproj/Main.storyboard; sourceTree = "<group>"; };
		043905C41E3FA3CA00AB32F4 /* Assets.xcassets */ = {isa = PBXFileReference; lastKnownFileType = folder.assetcatalog; path = Assets.xcassets; sourceTree = "<group>"; };
		043905C71E3FA3CA00AB32F4 /* Base */ = {isa = PBXFileReference; lastKnownFileType = file.storyboard; name = Base; path = Base.lproj/LaunchScreen.storyboard; sourceTree = "<group>"; };
		043905C91E3FA3CA00AB32F4 /* Info.plist */ = {isa = PBXFileReference; lastKnownFileType = text.plist.xml; path = Info.plist; sourceTree = "<group>"; };
		8D3C18601E5DEAE900DFCABB /* MainBoardController.appex */ = {isa = PBXFileReference; explicitFileType = "wrapper.app-extension"; includeInIndex = 0; path = MainBoardController.appex; sourceTree = BUILT_PRODUCTS_DIR; };
		8D3C18621E5DEAEA00DFCABB /* KeyboardViewController.swift */ = {isa = PBXFileReference; lastKnownFileType = sourcecode.swift; path = KeyboardViewController.swift; sourceTree = "<group>"; };
		8D3C18641E5DEAEA00DFCABB /* Info.plist */ = {isa = PBXFileReference; lastKnownFileType = text.plist.xml; path = Info.plist; sourceTree = "<group>"; };
		8D3C186C1E5DED1600DFCABB /* KeyboardView.xib */ = {isa = PBXFileReference; fileEncoding = 4; lastKnownFileType = file.xib; path = KeyboardView.xib; sourceTree = "<group>"; };
/* End PBXFileReference section */

/* Begin PBXFrameworksBuildPhase section */
		043905B71E3FA3C900AB32F4 /* Frameworks */ = {
			isa = PBXFrameworksBuildPhase;
			buildActionMask = 2147483647;
			files = (
			);
			runOnlyForDeploymentPostprocessing = 0;
		};
		8D3C185D1E5DEAE900DFCABB /* Frameworks */ = {
			isa = PBXFrameworksBuildPhase;
			buildActionMask = 2147483647;
			files = (
			);
			runOnlyForDeploymentPostprocessing = 0;
		};
/* End PBXFrameworksBuildPhase section */

/* Begin PBXGroup section */
		043905B11E3FA3C900AB32F4 = {
			isa = PBXGroup;
			children = (
				043905BC1E3FA3CA00AB32F4 /* Board */,
				8D3C18611E5DEAEA00DFCABB /* Keyboard */,
				043905BB1E3FA3CA00AB32F4 /* Products */,
			);
			sourceTree = "<group>";
		};
		043905BB1E3FA3CA00AB32F4 /* Products */ = {
			isa = PBXGroup;
			children = (
				043905BA1E3FA3CA00AB32F4 /* Board.app */,
				8D3C18601E5DEAE900DFCABB /* MainBoardController.appex */,
			);
			name = Products;
			sourceTree = "<group>";
		};
		043905BC1E3FA3CA00AB32F4 /* Board */ = {
			isa = PBXGroup;
			children = (
				043905BD1E3FA3CA00AB32F4 /* AppDelegate.swift */,
				043905BF1E3FA3CA00AB32F4 /* ViewController.swift */,
				043905C11E3FA3CA00AB32F4 /* Main.storyboard */,
				043905C41E3FA3CA00AB32F4 /* Assets.xcassets */,
				043905C61E3FA3CA00AB32F4 /* LaunchScreen.storyboard */,
				043905C91E3FA3CA00AB32F4 /* Info.plist */,
			);
			path = Board;
			sourceTree = "<group>";
		};
		8D3C18611E5DEAEA00DFCABB /* Keyboard */ = {
			isa = PBXGroup;
			children = (
				8D3C18621E5DEAEA00DFCABB /* KeyboardViewController.swift */,
				8D3C186C1E5DED1600DFCABB /* KeyboardView.xib */,
				8D3C18641E5DEAEA00DFCABB /* Info.plist */,
			);
			name = Keyboard;
			path = MainBoardController;
			sourceTree = "<group>";
		};
/* End PBXGroup section */

/* Begin PBXNativeTarget section */
		043905B91E3FA3C900AB32F4 /* Board */ = {
			isa = PBXNativeTarget;
			buildConfigurationList = 043905CC1E3FA3CA00AB32F4 /* Build configuration list for PBXNativeTarget "Board" */;
			buildPhases = (
				043905B61E3FA3C900AB32F4 /* Sources */,
				043905B71E3FA3C900AB32F4 /* Frameworks */,
				043905B81E3FA3C900AB32F4 /* Resources */,
				8D3C186B1E5DEAEA00DFCABB /* Embed App Extensions */,
			);
			buildRules = (
			);
			dependencies = (
				8D3C18661E5DEAEA00DFCABB /* PBXTargetDependency */,
			);
			name = Board;
			productName = Board;
			productReference = 043905BA1E3FA3CA00AB32F4 /* Board.app */;
			productType = "com.apple.product-type.application";
		};
		8D3C185F1E5DEAE900DFCABB /* MainBoardController */ = {
			isa = PBXNativeTarget;
			buildConfigurationList = 8D3C186A1E5DEAEA00DFCABB /* Build configuration list for PBXNativeTarget "MainBoardController" */;
			buildPhases = (
				8D3C185C1E5DEAE900DFCABB /* Sources */,
				8D3C185D1E5DEAE900DFCABB /* Frameworks */,
				8D3C185E1E5DEAE900DFCABB /* Resources */,
			);
			buildRules = (
			);
			dependencies = (
			);
			name = MainBoardController;
			productName = MainBoardController;
			productReference = 8D3C18601E5DEAE900DFCABB /* MainBoardController.appex */;
			productType = "com.apple.product-type.app-extension";
		};
/* End PBXNativeTarget section */

/* Begin PBXProject section */
		043905B21E3FA3C900AB32F4 /* Project object */ = {
			isa = PBXProject;
			attributes = {
				LastSwiftUpdateCheck = 0820;
				LastUpgradeCheck = 0820;
				ORGANIZATIONNAME = Shazad;
				TargetAttributes = {
					043905B91E3FA3C900AB32F4 = {
						CreatedOnToolsVersion = 8.2.1;
						ProvisioningStyle = Automatic;
					};
					8D3C185F1E5DEAE900DFCABB = {
						CreatedOnToolsVersion = 8.2.1;
						ProvisioningStyle = Automatic;
					};
				};
			};
			buildConfigurationList = 043905B51E3FA3C900AB32F4 /* Build configuration list for PBXProject "Board" */;
			compatibilityVersion = "Xcode 3.2";
			developmentRegion = English;
			hasScannedForEncodings = 0;
			knownRegions = (
				en,
				Base,
			);
			mainGroup = 043905B11E3FA3C900AB32F4;
			productRefGroup = 043905BB1E3FA3CA00AB32F4 /* Products */;
			projectDirPath = "";
			projectRoot = "";
			targets = (
				043905B91E3FA3C900AB32F4 /* Board */,
				8D3C185F1E5DEAE900DFCABB /* MainBoardController */,
			);
		};
/* End PBXProject section */

/* Begin PBXResourcesBuildPhase section */
		043905B81E3FA3C900AB32F4 /* Resources */ = {
			isa = PBXResourcesBuildPhase;
			buildActionMask = 2147483647;
			files = (
				043905C81E3FA3CA00AB32F4 /* LaunchScreen.storyboard in Resources */,
				043905C51E3FA3CA00AB32F4 /* Assets.xcassets in Resources */,
				043905C31E3FA3CA00AB32F4 /* Main.storyboard in Resources */,
			);
			runOnlyForDeploymentPostprocessing = 0;
		};
		8D3C185E1E5DEAE900DFCABB /* Resources */ = {
			isa = PBXResourcesBuildPhase;
			buildActionMask = 2147483647;
			files = (
				8D3C186E1E5E002B00DFCABB /* KeyboardView.xib in Resources */,
			);
			runOnlyForDeploymentPostprocessing = 0;
		};
/* End PBXResourcesBuildPhase section */

/* Begin PBXSourcesBuildPhase section */
		043905B61E3FA3C900AB32F4 /* Sources */ = {
			isa = PBXSourcesBuildPhase;
			buildActionMask = 2147483647;
			files = (
				043905C01E3FA3CA00AB32F4 /* ViewController.swift in Sources */,
				043905BE1E3FA3CA00AB32F4 /* AppDelegate.swift in Sources */,
			);
			runOnlyForDeploymentPostprocessing = 0;
		};
		8D3C185C1E5DEAE900DFCABB /* Sources */ = {
			isa = PBXSourcesBuildPhase;
			buildActionMask = 2147483647;
			files = (
				8D3C18631E5DEAEA00DFCABB /* KeyboardViewController.swift in Sources */,
			);
			runOnlyForDeploymentPostprocessing = 0;
		};
/* End PBXSourcesBuildPhase section */

/* Begin PBXTargetDependency section */
		8D3C18661E5DEAEA00DFCABB /* PBXTargetDependency */ = {
			isa = PBXTargetDependency;
			target = 8D3C185F1E5DEAE900DFCABB /* MainBoardController */;
			targetProxy = 8D3C18651E5DEAEA00DFCABB /* PBXContainerItemProxy */;
		};
/* End PBXTargetDependency section */

/* Begin PBXVariantGroup section */
		043905C11E3FA3CA00AB32F4 /* Main.storyboard */ = {
			isa = PBXVariantGroup;
			children = (
				043905C21E3FA3CA00AB32F4 /* Base */,
			);
			name = Main.storyboard;
			sourceTree = "<group>";
		};
		043905C61E3FA3CA00AB32F4 /* LaunchScreen.storyboard */ = {
			isa = PBXVariantGroup;
			children = (
				043905C71E3FA3CA00AB32F4 /* Base */,
			);
			name = LaunchScreen.storyboard;
			sourceTree = "<group>";
		};
/* End PBXVariantGroup section */

/* Begin XCBuildConfiguration section */
		043905CA1E3FA3CA00AB32F4 /* Debug */ = {
			isa = XCBuildConfiguration;
			buildSettings = {
				ALWAYS_SEARCH_USER_PATHS = NO;
				CLANG_ANALYZER_NONNULL = YES;
				CLANG_CXX_LANGUAGE_STANDARD = "gnu++0x";
				CLANG_CXX_LIBRARY = "libc++";
				CLANG_ENABLE_MODULES = YES;
				CLANG_ENABLE_OBJC_ARC = YES;
				CLANG_WARN_BOOL_CONVERSION = YES;
				CLANG_WARN_CONSTANT_CONVERSION = YES;
				CLANG_WARN_DIRECT_OBJC_ISA_USAGE = YES_ERROR;
				CLANG_WARN_DOCUMENTATION_COMMENTS = YES;
				CLANG_WARN_EMPTY_BODY = YES;
				CLANG_WARN_ENUM_CONVERSION = YES;
				CLANG_WARN_INFINITE_RECURSION = YES;
				CLANG_WARN_INT_CONVERSION = YES;
				CLANG_WARN_OBJC_ROOT_CLASS = YES_ERROR;
				CLANG_WARN_SUSPICIOUS_MOVE = YES;
				CLANG_WARN_UNREACHABLE_CODE = YES;
				CLANG_WARN__DUPLICATE_METHOD_MATCH = YES;
				"CODE_SIGN_IDENTITY[sdk=iphoneos*]" = "iPhone Developer";
				COPY_PHASE_STRIP = NO;
				DEBUG_INFORMATION_FORMAT = dwarf;
				ENABLE_STRICT_OBJC_MSGSEND = YES;
				ENABLE_TESTABILITY = YES;
				GCC_C_LANGUAGE_STANDARD = gnu99;
				GCC_DYNAMIC_NO_PIC = NO;
				GCC_NO_COMMON_BLOCKS = YES;
				GCC_OPTIMIZATION_LEVEL = 0;
				GCC_PREPROCESSOR_DEFINITIONS = (
					"DEBUG=1",
					"$(inherited)",
				);
				GCC_WARN_64_TO_32_BIT_CONVERSION = YES;
				GCC_WARN_ABOUT_RETURN_TYPE = YES_ERROR;
				GCC_WARN_UNDECLARED_SELECTOR = YES;
				GCC_WARN_UNINITIALIZED_AUTOS = YES_AGGRESSIVE;
				GCC_WARN_UNUSED_FUNCTION = YES;
				GCC_WARN_UNUSED_VARIABLE = YES;
				IPHONEOS_DEPLOYMENT_TARGET = 10.2;
				MTL_ENABLE_DEBUG_INFO = YES;
				ONLY_ACTIVE_ARCH = YES;
				SDKROOT = iphoneos;
				SWIFT_ACTIVE_COMPILATION_CONDITIONS = DEBUG;
				SWIFT_OPTIMIZATION_LEVEL = "-Onone";
				TARGETED_DEVICE_FAMILY = "1,2";
			};
			name = Debug;
		};
		043905CB1E3FA3CA00AB32F4 /* Release */ = {
			isa = XCBuildConfiguration;
			buildSettings = {
				ALWAYS_SEARCH_USER_PATHS = NO;
				CLANG_ANALYZER_NONNULL = YES;
				CLANG_CXX_LANGUAGE_STANDARD = "gnu++0x";
				CLANG_CXX_LIBRARY = "libc++";
				CLANG_ENABLE_MODULES = YES;
				CLANG_ENABLE_OBJC_ARC = YES;
				CLANG_WARN_BOOL_CONVERSION = YES;
				CLANG_WARN_CONSTANT_CONVERSION = YES;
				CLANG_WARN_DIRECT_OBJC_ISA_USAGE = YES_ERROR;
				CLANG_WARN_DOCUMENTATION_COMMENTS = YES;
				CLANG_WARN_EMPTY_BODY = YES;
				CLANG_WARN_ENUM_CONVERSION = YES;
				CLANG_WARN_INFINITE_RECURSION = YES;
				CLANG_WARN_INT_CONVERSION = YES;
				CLANG_WARN_OBJC_ROOT_CLASS = YES_ERROR;
				CLANG_WARN_SUSPICIOUS_MOVE = YES;
				CLANG_WARN_UNREACHABLE_CODE = YES;
				CLANG_WARN__DUPLICATE_METHOD_MATCH = YES;
				"CODE_SIGN_IDENTITY[sdk=iphoneos*]" = "iPhone Developer";
				COPY_PHASE_STRIP = NO;
				DEBUG_INFORMATION_FORMAT = "dwarf-with-dsym";
				ENABLE_NS_ASSERTIONS = NO;
				ENABLE_STRICT_OBJC_MSGSEND = YES;
				GCC_C_LANGUAGE_STANDARD = gnu99;
				GCC_NO_COMMON_BLOCKS = YES;
				GCC_WARN_64_TO_32_BIT_CONVERSION = YES;
				GCC_WARN_ABOUT_RETURN_TYPE = YES_ERROR;
				GCC_WARN_UNDECLARED_SELECTOR = YES;
				GCC_WARN_UNINITIALIZED_AUTOS = YES_AGGRESSIVE;
				GCC_WARN_UNUSED_FUNCTION = YES;
				GCC_WARN_UNUSED_VARIABLE = YES;
				IPHONEOS_DEPLOYMENT_TARGET = 10.2;
				MTL_ENABLE_DEBUG_INFO = NO;
				SDKROOT = iphoneos;
				SWIFT_OPTIMIZATION_LEVEL = "-Owholemodule";
				TARGETED_DEVICE_FAMILY = "1,2";
				VALIDATE_PRODUCT = YES;
			};
			name = Release;
		};
		043905CD1E3FA3CA00AB32F4 /* Debug */ = {
			isa = XCBuildConfiguration;
			buildSettings = {
				ALWAYS_EMBED_SWIFT_STANDARD_LIBRARIES = YES;
				ASSETCATALOG_COMPILER_APPICON_NAME = AppIcon;
				INFOPLIST_FILE = Board/Info.plist;
				LD_RUNPATH_SEARCH_PATHS = "$(inherited) @executable_path/Frameworks";
				PRODUCT_BUNDLE_IDENTIFIER = Shazad.Board;
				PRODUCT_NAME = "$(TARGET_NAME)";
				SWIFT_VERSION = 3.0;
			};
			name = Debug;
		};
		043905CE1E3FA3CA00AB32F4 /* Release */ = {
			isa = XCBuildConfiguration;
			buildSettings = {
				ALWAYS_EMBED_SWIFT_STANDARD_LIBRARIES = YES;
				ASSETCATALOG_COMPILER_APPICON_NAME = AppIcon;
				INFOPLIST_FILE = Board/Info.plist;
				LD_RUNPATH_SEARCH_PATHS = "$(inherited) @executable_path/Frameworks";
				PRODUCT_BUNDLE_IDENTIFIER = Shazad.Board;
				PRODUCT_NAME = "$(TARGET_NAME)";
				SWIFT_VERSION = 3.0;
			};
			name = Release;
		};
		8D3C18681E5DEAEA00DFCABB /* Debug */ = {
			isa = XCBuildConfiguration;
			buildSettings = {
				INFOPLIST_FILE = MainBoardController/Info.plist;
				LD_RUNPATH_SEARCH_PATHS = "$(inherited) @executable_path/Frameworks @executable_path/../../Frameworks";
				PRODUCT_BUNDLE_IDENTIFIER = Shazad.Board.MainBoardController;
				PRODUCT_NAME = "$(TARGET_NAME)";
				SKIP_INSTALL = YES;
				SWIFT_VERSION = 3.0;
			};
			name = Debug;
		};
		8D3C18691E5DEAEA00DFCABB /* Release */ = {
			isa = XCBuildConfiguration;
			buildSettings = {
				INFOPLIST_FILE = MainBoardController/Info.plist;
				LD_RUNPATH_SEARCH_PATHS = "$(inherited) @executable_path/Frameworks @executable_path/../../Frameworks";
				PRODUCT_BUNDLE_IDENTIFIER = Shazad.Board.MainBoardController;
				PRODUCT_NAME = "$(TARGET_NAME)";
				SKIP_INSTALL = YES;
				SWIFT_VERSION = 3.0;
			};
			name = Release;
		};
/* End XCBuildConfiguration section */

/* Begin XCConfigurationList section */
		043905B51E3FA3C900AB32F4 /* Build configuration list for PBXProject "Board" */ = {
			isa = XCConfigurationList;
			buildConfigurations = (
				043905CA1E3FA3CA00AB32F4 /* Debug */,
				043905CB1E3FA3CA00AB32F4 /* Release */,
			);
			defaultConfigurationIsVisible = 0;
			defaultConfigurationName = Release;
		};
		043905CC1E3FA3CA00AB32F4 /* Build configuration list for PBXNativeTarget "Board" */ = {
			isa = XCConfigurationList;
			buildConfigurations = (
				043905CD1E3FA3CA00AB32F4 /* Debug */,
				043905CE1E3FA3CA00AB32F4 /* Release */,
			);
			defaultConfigurationIsVisible = 0;
			defaultConfigurationName = Release;
		};
		8D3C186A1E5DEAEA00DFCABB /* Build configuration list for PBXNativeTarget "MainBoardController" */ = {
			isa = XCConfigurationList;
			buildConfigurations = (
				8D3C18681E5DEAEA00DFCABB /* Debug */,
				8D3C18691E5DEAEA00DFCABB /* Release */,
			);
			defaultConfigurationIsVisible = 0;
		};
/* End XCConfigurationList section */
	};
	rootObject = 043905B21E3FA3C900AB32F4 /* Project object */;
}
